// !$*UTF8*$!
{
	archiveVersion = 1;
	classes = {
	};
	objectVersion = 46;
	objects = {

/* Begin PBXBuildFile section */
		01806B3F1E43DC6A000488BB /* AppDelegate.swift in Sources */ = {isa = PBXBuildFile; fileRef = 01806B3E1E43DC6A000488BB /* AppDelegate.swift */; };
		01806B441E43DC6A000488BB /* Main.storyboard in Resources */ = {isa = PBXBuildFile; fileRef = 01806B421E43DC6A000488BB /* Main.storyboard */; };
		01806B461E43DC6A000488BB /* Assets.xcassets in Resources */ = {isa = PBXBuildFile; fileRef = 01806B451E43DC6A000488BB /* Assets.xcassets */; };
		01806B491E43DC6A000488BB /* LaunchScreen.storyboard in Resources */ = {isa = PBXBuildFile; fileRef = 01806B471E43DC6A000488BB /* LaunchScreen.storyboard */; };
		01806B511E43E036000488BB /* LoginViewController.swift in Sources */ = {isa = PBXBuildFile; fileRef = 01806B501E43E036000488BB /* LoginViewController.swift */; };
		01806B561E440AB5000488BB /* User.swift in Sources */ = {isa = PBXBuildFile; fileRef = 01806B551E440AB5000488BB /* User.swift */; };
		01806B581E440AC1000488BB /* Tweet.swift in Sources */ = {isa = PBXBuildFile; fileRef = 01806B571E440AC1000488BB /* Tweet.swift */; };
		01806B5A1E44253B000488BB /* TwitterClient.swift in Sources */ = {isa = PBXBuildFile; fileRef = 01806B591E44253B000488BB /* TwitterClient.swift */; };
		01806B5C1E443495000488BB /* TweetsViewController.swift in Sources */ = {isa = PBXBuildFile; fileRef = 01806B5B1E443495000488BB /* TweetsViewController.swift */; };
		01806B5F1E446691000488BB /* TweetTableViewCell.swift in Sources */ = {isa = PBXBuildFile; fileRef = 01806B5E1E446691000488BB /* TweetTableViewCell.swift */; };
		0197761F1E51103100FE0056 /* ComposeViewController.swift in Sources */ = {isa = PBXBuildFile; fileRef = 0197761E1E51103100FE0056 /* ComposeViewController.swift */; };
		01F3AF641E4F95F900735806 /* TweetViewController.swift in Sources */ = {isa = PBXBuildFile; fileRef = 01F3AF631E4F95F900735806 /* TweetViewController.swift */; };
		01F3AF661E4F960900735806 /* ProfileViewController.swift in Sources */ = {isa = PBXBuildFile; fileRef = 01F3AF651E4F960900735806 /* ProfileViewController.swift */; };
		01F3AF681E4F963900735806 /* UserProfileViewController.swift in Sources */ = {isa = PBXBuildFile; fileRef = 01F3AF671E4F963900735806 /* UserProfileViewController.swift */; };
		5A6C0305C350136441C6F2D9 /* Pods_Tweeter.framework in Frameworks */ = {isa = PBXBuildFile; fileRef = 87561B3F9D5780BE58B8BF59 /* Pods_Tweeter.framework */; };
/* End PBXBuildFile section */

/* Begin PBXFileReference section */
		01806B3B1E43DC6A000488BB /* Tweeter.app */ = {isa = PBXFileReference; explicitFileType = wrapper.application; includeInIndex = 0; path = Tweeter.app; sourceTree = BUILT_PRODUCTS_DIR; };
		01806B3E1E43DC6A000488BB /* AppDelegate.swift */ = {isa = PBXFileReference; lastKnownFileType = sourcecode.swift; path = AppDelegate.swift; sourceTree = "<group>"; };
		01806B431E43DC6A000488BB /* Base */ = {isa = PBXFileReference; lastKnownFileType = file.storyboard; name = Base; path = Base.lproj/Main.storyboard; sourceTree = "<group>"; };
		01806B451E43DC6A000488BB /* Assets.xcassets */ = {isa = PBXFileReference; lastKnownFileType = folder.assetcatalog; path = Assets.xcassets; sourceTree = "<group>"; };
		01806B481E43DC6A000488BB /* Base */ = {isa = PBXFileReference; lastKnownFileType = file.storyboard; name = Base; path = Base.lproj/LaunchScreen.storyboard; sourceTree = "<group>"; };
		01806B4A1E43DC6A000488BB /* Info.plist */ = {isa = PBXFileReference; lastKnownFileType = text.plist.xml; path = Info.plist; sourceTree = "<group>"; };
		01806B501E43E036000488BB /* LoginViewController.swift */ = {isa = PBXFileReference; fileEncoding = 4; lastKnownFileType = sourcecode.swift; path = LoginViewController.swift; sourceTree = "<group>"; };
		01806B551E440AB5000488BB /* User.swift */ = {isa = PBXFileReference; fileEncoding = 4; lastKnownFileType = sourcecode.swift; path = User.swift; sourceTree = "<group>"; };
		01806B571E440AC1000488BB /* Tweet.swift */ = {isa = PBXFileReference; fileEncoding = 4; lastKnownFileType = sourcecode.swift; path = Tweet.swift; sourceTree = "<group>"; };
		01806B591E44253B000488BB /* TwitterClient.swift */ = {isa = PBXFileReference; fileEncoding = 4; lastKnownFileType = sourcecode.swift; path = TwitterClient.swift; sourceTree = "<group>"; };
		01806B5B1E443495000488BB /* TweetsViewController.swift */ = {isa = PBXFileReference; fileEncoding = 4; lastKnownFileType = sourcecode.swift; path = TweetsViewController.swift; sourceTree = "<group>"; };
		01806B5E1E446691000488BB /* TweetTableViewCell.swift */ = {isa = PBXFileReference; fileEncoding = 4; lastKnownFileType = sourcecode.swift; path = TweetTableViewCell.swift; sourceTree = "<group>"; };
		0197761E1E51103100FE0056 /* ComposeViewController.swift */ = {isa = PBXFileReference; fileEncoding = 4; lastKnownFileType = sourcecode.swift; path = ComposeViewController.swift; sourceTree = "<group>"; };
		01F3AF631E4F95F900735806 /* TweetViewController.swift */ = {isa = PBXFileReference; fileEncoding = 4; lastKnownFileType = sourcecode.swift; path = TweetViewController.swift; sourceTree = "<group>"; };
		01F3AF651E4F960900735806 /* ProfileViewController.swift */ = {isa = PBXFileReference; fileEncoding = 4; lastKnownFileType = sourcecode.swift; path = ProfileViewController.swift; sourceTree = "<group>"; };
		01F3AF671E4F963900735806 /* UserProfileViewController.swift */ = {isa = PBXFileReference; fileEncoding = 4; lastKnownFileType = sourcecode.swift; path = UserProfileViewController.swift; sourceTree = "<group>"; };
		635AE0442B8D6420485E1142 /* Pods-Tweeter.release.xcconfig */ = {isa = PBXFileReference; includeInIndex = 1; lastKnownFileType = text.xcconfig; name = "Pods-Tweeter.release.xcconfig"; path = "Pods/Target Support Files/Pods-Tweeter/Pods-Tweeter.release.xcconfig"; sourceTree = "<group>"; };
		7B6B4F9B41636A980FF13D50 /* Pods-Tweeter.debug.xcconfig */ = {isa = PBXFileReference; includeInIndex = 1; lastKnownFileType = text.xcconfig; name = "Pods-Tweeter.debug.xcconfig"; path = "Pods/Target Support Files/Pods-Tweeter/Pods-Tweeter.debug.xcconfig"; sourceTree = "<group>"; };
		87561B3F9D5780BE58B8BF59 /* Pods_Tweeter.framework */ = {isa = PBXFileReference; explicitFileType = wrapper.framework; includeInIndex = 0; path = Pods_Tweeter.framework; sourceTree = BUILT_PRODUCTS_DIR; };
/* End PBXFileReference section */

/* Begin PBXFrameworksBuildPhase section */
		01806B381E43DC6A000488BB /* Frameworks */ = {
			isa = PBXFrameworksBuildPhase;
			buildActionMask = 2147483647;
			files = (
				5A6C0305C350136441C6F2D9 /* Pods_Tweeter.framework in Frameworks */,
			);
			runOnlyForDeploymentPostprocessing = 0;
		};
/* End PBXFrameworksBuildPhase section */

/* Begin PBXGroup section */
		01806B321E43DC6A000488BB = {
			isa = PBXGroup;
			children = (
				01806B3D1E43DC6A000488BB /* Tweeter */,
				01806B3C1E43DC6A000488BB /* Products */,
				11264AB0E6AB20DC5B7B7696 /* Pods */,
				0EADEB0840CCC8310C85818C /* Frameworks */,
			);
			sourceTree = "<group>";
		};
		01806B3C1E43DC6A000488BB /* Products */ = {
			isa = PBXGroup;
			children = (
				01806B3B1E43DC6A000488BB /* Tweeter.app */,
			);
			name = Products;
			sourceTree = "<group>";
		};
		01806B3D1E43DC6A000488BB /* Tweeter */ = {
			isa = PBXGroup;
			children = (
				01806B5D1E446670000488BB /* Cells */,
				01806B541E440A6F000488BB /* API */,
				01806B531E440A67000488BB /* ViewControllers */,
				01806B521E440A62000488BB /* Models */,
				01806B3E1E43DC6A000488BB /* AppDelegate.swift */,
				01806B421E43DC6A000488BB /* Main.storyboard */,
				01806B451E43DC6A000488BB /* Assets.xcassets */,
				01806B471E43DC6A000488BB /* LaunchScreen.storyboard */,
				01806B4A1E43DC6A000488BB /* Info.plist */,
			);
			path = Tweeter;
			sourceTree = "<group>";
		};
		01806B521E440A62000488BB /* Models */ = {
			isa = PBXGroup;
			children = (
				01806B551E440AB5000488BB /* User.swift */,
				01806B571E440AC1000488BB /* Tweet.swift */,
			);
			name = Models;
			sourceTree = "<group>";
		};
		01806B531E440A67000488BB /* ViewControllers */ = {
			isa = PBXGroup;
			children = (
				01806B501E43E036000488BB /* LoginViewController.swift */,
				01806B5B1E443495000488BB /* TweetsViewController.swift */,
				01F3AF631E4F95F900735806 /* TweetViewController.swift */,
				01F3AF651E4F960900735806 /* ProfileViewController.swift */,
				01F3AF671E4F963900735806 /* UserProfileViewController.swift */,
				0197761E1E51103100FE0056 /* ComposeViewController.swift */,
			);
			name = ViewControllers;
			sourceTree = "<group>";
		};
		01806B541E440A6F000488BB /* API */ = {
			isa = PBXGroup;
			children = (
				01806B591E44253B000488BB /* TwitterClient.swift */,
			);
			name = API;
			sourceTree = "<group>";
		};
		01806B5D1E446670000488BB /* Cells */ = {
			isa = PBXGroup;
			children = (
				01806B5E1E446691000488BB /* TweetTableViewCell.swift */,
			);
			name = Cells;
			sourceTree = "<group>";
		};
		0EADEB0840CCC8310C85818C /* Frameworks */ = {
			isa = PBXGroup;
			children = (
				87561B3F9D5780BE58B8BF59 /* Pods_Tweeter.framework */,
			);
			name = Frameworks;
			sourceTree = "<group>";
		};
		11264AB0E6AB20DC5B7B7696 /* Pods */ = {
			isa = PBXGroup;
			children = (
				7B6B4F9B41636A980FF13D50 /* Pods-Tweeter.debug.xcconfig */,
				635AE0442B8D6420485E1142 /* Pods-Tweeter.release.xcconfig */,
			);
			name = Pods;
			sourceTree = "<group>";
		};
/* End PBXGroup section */

/* Begin PBXNativeTarget section */
		01806B3A1E43DC6A000488BB /* Tweeter */ = {
			isa = PBXNativeTarget;
			buildConfigurationList = 01806B4D1E43DC6A000488BB /* Build configuration list for PBXNativeTarget "Tweeter" */;
			buildPhases = (
				D6CF8E17926B6407C18B4E29 /* [CP] Check Pods Manifest.lock */,
				01806B371E43DC6A000488BB /* Sources */,
				01806B381E43DC6A000488BB /* Frameworks */,
				01806B391E43DC6A000488BB /* Resources */,
				7DC7DD95BE43A1AC810DBB78 /* [CP] Embed Pods Frameworks */,
				6DC702D3C25AF62D4F3C2A2B /* [CP] Copy Pods Resources */,
			);
			buildRules = (
			);
			dependencies = (
			);
			name = Tweeter;
			productName = Tweeter;
			productReference = 01806B3B1E43DC6A000488BB /* Tweeter.app */;
			productType = "com.apple.product-type.application";
		};
/* End PBXNativeTarget section */

/* Begin PBXProject section */
		01806B331E43DC6A000488BB /* Project object */ = {
			isa = PBXProject;
			attributes = {
				LastSwiftUpdateCheck = 0820;
				LastUpgradeCheck = 0820;
				ORGANIZATIONNAME = "Naveen Kashyap";
				TargetAttributes = {
					01806B3A1E43DC6A000488BB = {
						CreatedOnToolsVersion = 8.2.1;
						ProvisioningStyle = Automatic;
					};
				};
			};
			buildConfigurationList = 01806B361E43DC6A000488BB /* Build configuration list for PBXProject "Tweeter" */;
			compatibilityVersion = "Xcode 3.2";
			developmentRegion = English;
			hasScannedForEncodings = 0;
			knownRegions = (
				en,
				Base,
			);
			mainGroup = 01806B321E43DC6A000488BB;
			productRefGroup = 01806B3C1E43DC6A000488BB /* Products */;
			projectDirPath = "";
			projectRoot = "";
			targets = (
				01806B3A1E43DC6A000488BB /* Tweeter */,
			);
		};
/* End PBXProject section */

/* Begin PBXResourcesBuildPhase section */
		01806B391E43DC6A000488BB /* Resources */ = {
			isa = PBXResourcesBuildPhase;
			buildActionMask = 2147483647;
			files = (
				01806B491E43DC6A000488BB /* LaunchScreen.storyboard in Resources */,
				01806B461E43DC6A000488BB /* Assets.xcassets in Resources */,
				01806B441E43DC6A000488BB /* Main.storyboard in Resources */,
			);
			runOnlyForDeploymentPostprocessing = 0;
		};
/* End PBXResourcesBuildPhase section */

/* Begin PBXShellScriptBuildPhase section */
		6DC702D3C25AF62D4F3C2A2B /* [CP] Copy Pods Resources */ = {
			isa = PBXShellScriptBuildPhase;
			buildActionMask = 2147483647;
			files = (
			);
			inputPaths = (
			);
			name = "[CP] Copy Pods Resources";
			outputPaths = (
			);
			runOnlyForDeploymentPostprocessing = 0;
			shellPath = /bin/sh;
			shellScript = "\"${SRCROOT}/Pods/Target Support Files/Pods-Tweeter/Pods-Tweeter-resources.sh\"\n";
			showEnvVarsInLog = 0;
		};
		7DC7DD95BE43A1AC810DBB78 /* [CP] Embed Pods Frameworks */ = {
			isa = PBXShellScriptBuildPhase;
			buildActionMask = 2147483647;
			files = (
			);
			inputPaths = (
			);
			name = "[CP] Embed Pods Frameworks";
			outputPaths = (
			);
			runOnlyForDeploymentPostprocessing = 0;
			shellPath = /bin/sh;
			shellScript = "\"${SRCROOT}/Pods/Target Support Files/Pods-Tweeter/Pods-Tweeter-frameworks.sh\"\n";
			showEnvVarsInLog = 0;
		};
		D6CF8E17926B6407C18B4E29 /* [CP] Check Pods Manifest.lock */ = {
			isa = PBXShellScriptBuildPhase;
			buildActionMask = 2147483647;
			files = (
			);
			inputPaths = (
			);
			name = "[CP] Check Pods Manifest.lock";
			outputPaths = (
			);
			runOnlyForDeploymentPostprocessing = 0;
			shellPath = /bin/sh;
			shellScript = "diff \"${PODS_ROOT}/../Podfile.lock\" \"${PODS_ROOT}/Manifest.lock\" > /dev/null\nif [ $? != 0 ] ; then\n    # print error to STDERR\n    echo \"error: The sandbox is not in sync with the Podfile.lock. Run 'pod install' or update your CocoaPods installation.\" >&2\n    exit 1\nfi\n";
			showEnvVarsInLog = 0;
		};
/* End PBXShellScriptBuildPhase section */

/* Begin PBXSourcesBuildPhase section */
		01806B371E43DC6A000488BB /* Sources */ = {
			isa = PBXSourcesBuildPhase;
			buildActionMask = 2147483647;
			files = (
				01806B561E440AB5000488BB /* User.swift in Sources */,
				01F3AF681E4F963900735806 /* UserProfileViewController.swift in Sources */,
				01806B581E440AC1000488BB /* Tweet.swift in Sources */,
				01806B511E43E036000488BB /* LoginViewController.swift in Sources */,
				01806B5C1E443495000488BB /* TweetsViewController.swift in Sources */,
				01F3AF641E4F95F900735806 /* TweetViewController.swift in Sources */,
				0197761F1E51103100FE0056 /* ComposeViewController.swift in Sources */,
				01806B5A1E44253B000488BB /* TwitterClient.swift in Sources */,
				01F3AF661E4F960900735806 /* ProfileViewController.swift in Sources */,
				01806B3F1E43DC6A000488BB /* AppDelegate.swift in Sources */,
				01806B5F1E446691000488BB /* TweetTableViewCell.swift in Sources */,
			);
			runOnlyForDeploymentPostprocessing = 0;
		};
/* End PBXSourcesBuildPhase section */

/* Begin PBXVariantGroup section */
		01806B421E43DC6A000488BB /* Main.storyboard */ = {
			isa = PBXVariantGroup;
			children = (
				01806B431E43DC6A000488BB /* Base */,
			);
			name = Main.storyboard;
			sourceTree = "<group>";
		};
		01806B471E43DC6A000488BB /* LaunchScreen.storyboard */ = {
			isa = PBXVariantGroup;
			children = (
				01806B481E43DC6A000488BB /* Base */,
			);
			name = LaunchScreen.storyboard;
			sourceTree = "<group>";
		};
/* End PBXVariantGroup section */

/* Begin XCBuildConfiguration section */
		01806B4B1E43DC6A000488BB /* Debug */ = {
			isa = XCBuildConfiguration;
			buildSettings = {
				ALWAYS_SEARCH_USER_PATHS = NO;
				CLANG_ANALYZER_NONNULL = YES;
				CLANG_CXX_LANGUAGE_STANDARD = "gnu++0x";
				CLANG_CXX_LIBRARY = "libc++";
				CLANG_ENABLE_MODULES = YES;
				CLANG_ENABLE_OBJC_ARC = YES;
				CLANG_WARN_BOOL_CONVERSION = YES;
				CLANG_WARN_CONSTANT_CONVERSION = YES;
				CLANG_WARN_DIRECT_OBJC_ISA_USAGE = YES_ERROR;
				CLANG_WARN_DOCUMENTATION_COMMENTS = YES;
				CLANG_WARN_EMPTY_BODY = YES;
				CLANG_WARN_ENUM_CONVERSION = YES;
				CLANG_WARN_INFINITE_RECURSION = YES;
				CLANG_WARN_INT_CONVERSION = YES;
				CLANG_WARN_OBJC_ROOT_CLASS = YES_ERROR;
				CLANG_WARN_SUSPICIOUS_MOVE = YES;
				CLANG_WARN_UNREACHABLE_CODE = YES;
				CLANG_WARN__DUPLICATE_METHOD_MATCH = YES;
				"CODE_SIGN_IDENTITY[sdk=iphoneos*]" = "iPhone Developer";
				COPY_PHASE_STRIP = NO;
				DEBUG_INFORMATION_FORMAT = dwarf;
				ENABLE_STRICT_OBJC_MSGSEND = YES;
				ENABLE_TESTABILITY = YES;
				GCC_C_LANGUAGE_STANDARD = gnu99;
				GCC_DYNAMIC_NO_PIC = NO;
				GCC_NO_COMMON_BLOCKS = YES;
				GCC_OPTIMIZATION_LEVEL = 0;
				GCC_PREPROCESSOR_DEFINITIONS = (
					"DEBUG=1",
					"$(inherited)",
				);
				GCC_WARN_64_TO_32_BIT_CONVERSION = YES;
				GCC_WARN_ABOUT_RETURN_TYPE = YES_ERROR;
				GCC_WARN_UNDECLARED_SELECTOR = YES;
				GCC_WARN_UNINITIALIZED_AUTOS = YES_AGGRESSIVE;
				GCC_WARN_UNUSED_FUNCTION = YES;
				GCC_WARN_UNUSED_VARIABLE = YES;
				IPHONEOS_DEPLOYMENT_TARGET = 10.2;
				MTL_ENABLE_DEBUG_INFO = YES;
				ONLY_ACTIVE_ARCH = YES;
				SDKROOT = iphoneos;
				SWIFT_ACTIVE_COMPILATION_CONDITIONS = DEBUG;
				SWIFT_OPTIMIZATION_LEVEL = "-Onone";
			};
			name = Debug;
		};
		01806B4C1E43DC6A000488BB /* Release */ = {
			isa = XCBuildConfiguration;
			buildSettings = {
				ALWAYS_SEARCH_USER_PATHS = NO;
				CLANG_ANALYZER_NONNULL = YES;
				CLANG_CXX_LANGUAGE_STANDARD = "gnu++0x";
				CLANG_CXX_LIBRARY = "libc++";
				CLANG_ENABLE_MODULES = YES;
				CLANG_ENABLE_OBJC_ARC = YES;
				CLANG_WARN_BOOL_CONVERSION = YES;
				CLANG_WARN_CONSTANT_CONVERSION = YES;
				CLANG_WARN_DIRECT_OBJC_ISA_USAGE = YES_ERROR;
				CLANG_WARN_DOCUMENTATION_COMMENTS = YES;
				CLANG_WARN_EMPTY_BODY = YES;
				CLANG_WARN_ENUM_CONVERSION = YES;
				CLANG_WARN_INFINITE_RECURSION = YES;
				CLANG_WARN_INT_CONVERSION = YES;
				CLANG_WARN_OBJC_ROOT_CLASS = YES_ERROR;
				CLANG_WARN_SUSPICIOUS_MOVE = YES;
				CLANG_WARN_UNREACHABLE_CODE = YES;
				CLANG_WARN__DUPLICATE_METHOD_MATCH = YES;
				"CODE_SIGN_IDENTITY[sdk=iphoneos*]" = "iPhone Developer";
				COPY_PHASE_STRIP = NO;
				DEBUG_INFORMATION_FORMAT = "dwarf-with-dsym";
				ENABLE_NS_ASSERTIONS = NO;
				ENABLE_STRICT_OBJC_MSGSEND = YES;
				GCC_C_LANGUAGE_STANDARD = gnu99;
				GCC_NO_COMMON_BLOCKS = YES;
				GCC_WARN_64_TO_32_BIT_CONVERSION = YES;
				GCC_WARN_ABOUT_RETURN_TYPE = YES_ERROR;
				GCC_WARN_UNDECLARED_SELECTOR = YES;
				GCC_WARN_UNINITIALIZED_AUTOS = YES_AGGRESSIVE;
				GCC_WARN_UNUSED_FUNCTION = YES;
				GCC_WARN_UNUSED_VARIABLE = YES;
				IPHONEOS_DEPLOYMENT_TARGET = 10.2;
				MTL_ENABLE_DEBUG_INFO = NO;
				SDKROOT = iphoneos;
				SWIFT_OPTIMIZATION_LEVEL = "-Owholemodule";
				VALIDATE_PRODUCT = YES;
			};
			name = Release;
		};
		01806B4E1E43DC6A000488BB /* Debug */ = {
			isa = XCBuildConfiguration;
			baseConfigurationReference = 7B6B4F9B41636A980FF13D50 /* Pods-Tweeter.debug.xcconfig */;
			buildSettings = {
				ASSETCATALOG_COMPILER_APPICON_NAME = AppIcon;
				INFOPLIST_FILE = Tweeter/Info.plist;
				LD_RUNPATH_SEARCH_PATHS = "$(inherited) @executable_path/Frameworks";
				PRODUCT_BUNDLE_IDENTIFIER = com.distractedprogramming.Tweeter;
				PRODUCT_NAME = "$(TARGET_NAME)";
				SWIFT_VERSION = 3.0;
			};
			name = Debug;
		};
		01806B4F1E43DC6A000488BB /* Release */ = {
			isa = XCBuildConfiguration;
			baseConfigurationReference = 635AE0442B8D6420485E1142 /* Pods-Tweeter.release.xcconfig */;
			buildSettings = {
				ASSETCATALOG_COMPILER_APPICON_NAME = AppIcon;
				INFOPLIST_FILE = Tweeter/Info.plist;
				LD_RUNPATH_SEARCH_PATHS = "$(inherited) @executable_path/Frameworks";
				PRODUCT_BUNDLE_IDENTIFIER = com.distractedprogramming.Tweeter;
				PRODUCT_NAME = "$(TARGET_NAME)";
				SWIFT_VERSION = 3.0;
			};
			name = Release;
		};
/* End XCBuildConfiguration section */

/* Begin XCConfigurationList section */
		01806B361E43DC6A000488BB /* Build configuration list for PBXProject "Tweeter" */ = {
			isa = XCConfigurationList;
			buildConfigurations = (
				01806B4B1E43DC6A000488BB /* Debug */,
				01806B4C1E43DC6A000488BB /* Release */,
			);
			defaultConfigurationIsVisible = 0;
			defaultConfigurationName = Release;
		};
		01806B4D1E43DC6A000488BB /* Build configuration list for PBXNativeTarget "Tweeter" */ = {
			isa = XCConfigurationList;
			buildConfigurations = (
				01806B4E1E43DC6A000488BB /* Debug */,
				01806B4F1E43DC6A000488BB /* Release */,
			);
			defaultConfigurationIsVisible = 0;
			defaultConfigurationName = Release;
		};
/* End XCConfigurationList section */
	};
	rootObject = 01806B331E43DC6A000488BB /* Project object */;
}
